
Microsoft Visual Studio Solution File, Format Version 12.00
# Visual Studio Version 17
VisualStudioVersion = 17.5.002.0
MinimumVisualStudioVersion = 10.0.40219.1
Project("{9A19103F-16F7-4668-BE54-9A1E7A4F7556}") = "Client", "Client\Client.csproj", "{737031E8-7E4E-4FFB-A250-6CDFFDCA5C28}"
EndProject
Project("{9A19103F-16F7-4668-BE54-9A1E7A4F7556}") = "Server", "Server\Server.csproj", "{5B32EE6F-F751-473F-A546-43E69C7C9790}"
EndProject
Global
	GlobalSection(SolutionConfigurationPlatforms) = preSolution
		Debug|Any CPU = Debug|Any CPU
		Release|Any CPU = Release|Any CPU
	EndGlobalSection
	GlobalSection(ProjectConfigurationPlatforms) = postSolution
		{737031E8-7E4E-4FFB-A250-6CDFFDCA5C28}.Debug|Any CPU.ActiveCfg = Debug|Any CPU
		{737031E8-7E4E-4FFB-A250-6CDFFDCA5C28}.Debug|Any CPU.Build.0 = Debug|Any CPU
		{737031E8-7E4E-4FFB-A250-6CDFFDCA5C28}.Release|Any CPU.ActiveCfg = Release|Any CPU
		{737031E8-7E4E-4FFB-A250-6CDFFDCA5C28}.Release|Any CPU.Build.0 = Release|Any CPU
		{5B32EE6F-F751-473F-A546-43E69C7C9790}.Debug|Any CPU.ActiveCfg = Debug|Any CPU
		{5B32EE6F-F751-473F-A546-43E69C7C9790}.Debug|Any CPU.Build.0 = Debug|Any CPU
		{5B32EE6F-F751-473F-A546-43E69C7C9790}.Release|Any CPU.ActiveCfg = Release|Any CPU
		{5B32EE6F-F751-473F-A546-43E69C7C9790}.Release|Any CPU.Build.0 = Release|Any CPU
	EndGlobalSection
	GlobalSection(SolutionProperties) = preSolution
		HideSolutionNode = FALSE
	EndGlobalSection
	GlobalSection(ExtensibilityGlobals) = postSolution
		SolutionGuid = {A7FE752D-1B96-4079-AF0A-C2839733CFB1}
	EndGlobalSection
EndGlobal
